
Microsoft Visual Studio Solution File, Format Version 12.00
# Visual Studio 14
VisualStudioVersion = 14.0.25420.1
MinimumVisualStudioVersion = 10.0.40219.1
Project("{F184B08F-C81C-45F6-A57F-5ABD9991F28F}") = "final", "final\final.vbproj", "{00A7353B-95B9-478C-9535-DF4577F661F0}"
EndProject
Project("{54435603-DBB4-11D2-8724-00A0C9A8B90C}") = "Setup1", "Setup1\Setup1.vdproj", "{BDF26E94-B21F-4100-8070-C4DF01828800}"
EndProject
Project("{6141683F-8A12-4E36-9623-2EB02B2C2303}") = "Ticket System Setup", "Setup2\Ticket System Setup.isproj", "{E42FFBFA-039D-4256-9A79-D8D2DCD5FD40}"
	ProjectSection(ProjectDependencies) = postProject
		{00A7353B-95B9-478C-9535-DF4577F661F0} = {00A7353B-95B9-478C-9535-DF4577F661F0}
	EndProjectSection
EndProject
Global
	GlobalSection(SolutionConfigurationPlatforms) = preSolution
		CD_ROM|Any CPU = CD_ROM|Any CPU
		Debug|Any CPU = Debug|Any CPU
		DVD-5|Any CPU = DVD-5|Any CPU
		Release|Any CPU = Release|Any CPU
		SingleImage|Any CPU = SingleImage|Any CPU
	EndGlobalSection
	GlobalSection(ProjectConfigurationPlatforms) = postSolution
		{00A7353B-95B9-478C-9535-DF4577F661F0}.CD_ROM|Any CPU.ActiveCfg = Release|Any CPU
		{00A7353B-95B9-478C-9535-DF4577F661F0}.CD_ROM|Any CPU.Build.0 = Release|Any CPU
		{00A7353B-95B9-478C-9535-DF4577F661F0}.Debug|Any CPU.ActiveCfg = Debug|Any CPU
		{00A7353B-95B9-478C-9535-DF4577F661F0}.Debug|Any CPU.Build.0 = Debug|Any CPU
		{00A7353B-95B9-478C-9535-DF4577F661F0}.DVD-5|Any CPU.ActiveCfg = Debug|Any CPU
		{00A7353B-95B9-478C-9535-DF4577F661F0}.DVD-5|Any CPU.Build.0 = Debug|Any CPU
		{00A7353B-95B9-478C-9535-DF4577F661F0}.Release|Any CPU.ActiveCfg = Release|Any CPU
		{00A7353B-95B9-478C-9535-DF4577F661F0}.Release|Any CPU.Build.0 = Release|Any CPU
		{00A7353B-95B9-478C-9535-DF4577F661F0}.SingleImage|Any CPU.ActiveCfg = Release|Any CPU
		{00A7353B-95B9-478C-9535-DF4577F661F0}.SingleImage|Any CPU.Build.0 = Release|Any CPU
		{BDF26E94-B21F-4100-8070-C4DF01828800}.CD_ROM|Any CPU.ActiveCfg = Release
		{BDF26E94-B21F-4100-8070-C4DF01828800}.CD_ROM|Any CPU.Build.0 = Release
		{BDF26E94-B21F-4100-8070-C4DF01828800}.Debug|Any CPU.ActiveCfg = Debug
		{BDF26E94-B21F-4100-8070-C4DF01828800}.DVD-5|Any CPU.ActiveCfg = Debug
		{BDF26E94-B21F-4100-8070-C4DF01828800}.DVD-5|Any CPU.Build.0 = Debug
		{BDF26E94-B21F-4100-8070-C4DF01828800}.Release|Any CPU.ActiveCfg = Release
		{BDF26E94-B21F-4100-8070-C4DF01828800}.SingleImage|Any CPU.ActiveCfg = Release
		{BDF26E94-B21F-4100-8070-C4DF01828800}.SingleImage|Any CPU.Build.0 = Release
		{E42FFBFA-039D-4256-9A79-D8D2DCD5FD40}.CD_ROM|Any CPU.ActiveCfg = CD_ROM
		{E42FFBFA-039D-4256-9A79-D8D2DCD5FD40}.CD_ROM|Any CPU.Build.0 = CD_ROM
		{E42FFBFA-039D-4256-9A79-D8D2DCD5FD40}.Debug|Any CPU.ActiveCfg = DVD-5
		{E42FFBFA-039D-4256-9A79-D8D2DCD5FD40}.Debug|Any CPU.Build.0 = DVD-5
		{E42FFBFA-039D-4256-9A79-D8D2DCD5FD40}.DVD-5|Any CPU.ActiveCfg = DVD-5
		{E42FFBFA-039D-4256-9A79-D8D2DCD5FD40}.DVD-5|Any CPU.Build.0 = DVD-5
		{E42FFBFA-039D-4256-9A79-D8D2DCD5FD40}.Release|Any CPU.ActiveCfg = SingleImage
		{E42FFBFA-039D-4256-9A79-D8D2DCD5FD40}.Release|Any CPU.Build.0 = SingleImage
		{E42FFBFA-039D-4256-9A79-D8D2DCD5FD40}.SingleImage|Any CPU.ActiveCfg = SingleImage
		{E42FFBFA-039D-4256-9A79-D8D2DCD5FD40}.SingleImage|Any CPU.Build.0 = SingleImage
	EndGlobalSection
	GlobalSection(SolutionProperties) = preSolution
		HideSolutionNode = FALSE
	EndGlobalSection
EndGlobal
